
Microsoft Visual Studio Solution File, Format Version 12.00
# Visual Studio Version 17
VisualStudioVersion = 17.14.36203.30 d17.14
MinimumVisualStudioVersion = 10.0.40219.1
Project("{FAE04EC0-301F-11D3-BF4B-00C04F79EFBC}") = "Educon", "Educon\Educon.csproj", "{67FB22B8-1F45-4164-BF16-772811E30161}"
EndProject
Global
	GlobalSection(SolutionConfigurationPlatforms) = preSolution
		Debug|Any CPU = Debug|Any CPU
		Release|Any CPU = Release|Any CPU
	EndGlobalSection
	GlobalSection(ProjectConfigurationPlatforms) = postSolution
		{67FB22B8-1F45-4164-BF16-772811E30161}.Debug|Any CPU.ActiveCfg = Debug|Any CPU
		{67FB22B8-1F45-4164-BF16-772811E30161}.Debug|Any CPU.Build.0 = Debug|Any CPU
		{67FB22B8-1F45-4164-BF16-772811E30161}.Release|Any CPU.ActiveCfg = Release|Any CPU
		{67FB22B8-1F45-4164-BF16-772811E30161}.Release|Any CPU.Build.0 = Release|Any CPU
	EndGlobalSection
	GlobalSection(SolutionProperties) = preSolution
		HideSolutionNode = FALSE
	EndGlobalSection
	GlobalSection(ExtensibilityGlobals) = postSolution
		SolutionGuid = {5B3E3638-27EF-4237-AB85-60D61C4F314A}
	EndGlobalSection
EndGlobal
